# This file was generated by running "yarn install" in the project template.
# It's included here to ensure new projects use the same dependency versions.
# Generated by Yarn 4.1.0

# This is an empty placeholder. During build, this will be replaced with the actual yarn.lock from the build process.
